
Microsoft Visual Studio Solution File, Format Version 12.00
# Visual Studio Version 17
VisualStudioVersion = 17.10.34916.146
MinimumVisualStudioVersion = 10.0.40219.1
Project("{FAE04EC0-301F-11D3-BF4B-00C04F79EFBC}") = "ProjectManagement", "ProjectManagement\ProjectManagement.csproj", "{FE8F710D-6BCF-4E6C-AC39-F20DAD716CCD}"
EndProject
Global
	GlobalSection(SolutionConfigurationPlatforms) = preSolution
		Debug|Any CPU = Debug|Any CPU
		Release|Any CPU = Release|Any CPU
	EndGlobalSection
	GlobalSection(ProjectConfigurationPlatforms) = postSolution
		{FE8F710D-6BCF-4E6C-AC39-F20DAD716CCD}.Debug|Any CPU.ActiveCfg = Debug|Any CPU
		{FE8F710D-6BCF-4E6C-AC39-F20DAD716CCD}.Debug|Any CPU.Build.0 = Debug|Any CPU
		{FE8F710D-6BCF-4E6C-AC39-F20DAD716CCD}.Release|Any CPU.ActiveCfg = Release|Any CPU
		{FE8F710D-6BCF-4E6C-AC39-F20DAD716CCD}.Release|Any CPU.Build.0 = Release|Any CPU
	EndGlobalSection
	GlobalSection(SolutionProperties) = preSolution
		HideSolutionNode = FALSE
	EndGlobalSection
	GlobalSection(ExtensibilityGlobals) = postSolution
		SolutionGuid = {52F090B7-2E7A-4A5D-A66F-D7ED0173BED4}
	EndGlobalSection
EndGlobal
